
Microsoft Visual Studio Solution File, Format Version 12.00
# Visual Studio Version 16
VisualStudioVersion = 16.0.30225.117
MinimumVisualStudioVersion = 10.0.40219.1
Project("{FAE04EC0-301F-11D3-BF4B-00C04F79EFBC}") = "PingPongServer", "PingPongServer\PingPongServer.csproj", "{46237D57-8E8F-4C41-B501-0DDB95992F11}"
EndProject
Global
	GlobalSection(SolutionConfigurationPlatforms) = preSolution
		Debug|Any CPU = Debug|Any CPU
		Release|Any CPU = Release|Any CPU
	EndGlobalSection
	GlobalSection(ProjectConfigurationPlatforms) = postSolution
		{46237D57-8E8F-4C41-B501-0DDB95992F11}.Debug|Any CPU.ActiveCfg = Debug|Any CPU
		{46237D57-8E8F-4C41-B501-0DDB95992F11}.Debug|Any CPU.Build.0 = Debug|Any CPU
		{46237D57-8E8F-4C41-B501-0DDB95992F11}.Release|Any CPU.ActiveCfg = Release|Any CPU
		{46237D57-8E8F-4C41-B501-0DDB95992F11}.Release|Any CPU.Build.0 = Release|Any CPU
	EndGlobalSection
	GlobalSection(SolutionProperties) = preSolution
		HideSolutionNode = FALSE
	EndGlobalSection
	GlobalSection(ExtensibilityGlobals) = postSolution
		SolutionGuid = {D2CA395C-61FE-44F8-9624-F2FDA1265852}
	EndGlobalSection
EndGlobal
